
Microsoft Visual Studio Solution File, Format Version 12.00
# Visual Studio Version 16
VisualStudioVersion = 16.0.31702.278
MinimumVisualStudioVersion = 10.0.40219.1
Project("{8BC9CEB8-8B4A-11D0-8D11-00A0C91BC942}") = "jar文件启动器3.0", "jar文件启动器3.0.vcxproj", "{325A65A0-760F-401D-9426-27ADC5DA618A}"
EndProject
Global
	GlobalSection(SolutionConfigurationPlatforms) = preSolution
		Debug|x64 = Debug|x64
		Debug|x86 = Debug|x86
		Release|x64 = Release|x64
		Release|x86 = Release|x86
	EndGlobalSection
	GlobalSection(ProjectConfigurationPlatforms) = postSolution
		{325A65A0-760F-401D-9426-27ADC5DA618A}.Debug|x64.ActiveCfg = Debug|x64
		{325A65A0-760F-401D-9426-27ADC5DA618A}.Debug|x64.Build.0 = Debug|x64
		{325A65A0-760F-401D-9426-27ADC5DA618A}.Debug|x86.ActiveCfg = Debug|Win32
		{325A65A0-760F-401D-9426-27ADC5DA618A}.Debug|x86.Build.0 = Debug|Win32
		{325A65A0-760F-401D-9426-27ADC5DA618A}.Release|x64.ActiveCfg = Release|x64
		{325A65A0-760F-401D-9426-27ADC5DA618A}.Release|x64.Build.0 = Release|x64
		{325A65A0-760F-401D-9426-27ADC5DA618A}.Release|x86.ActiveCfg = Release|Win32
		{325A65A0-760F-401D-9426-27ADC5DA618A}.Release|x86.Build.0 = Release|Win32
	EndGlobalSection
	GlobalSection(SolutionProperties) = preSolution
		HideSolutionNode = FALSE
	EndGlobalSection
	GlobalSection(ExtensibilityGlobals) = postSolution
		SolutionGuid = {37C59B37-F961-4126-9152-16AADBA68072}
	EndGlobalSection
EndGlobal
